// !$*UTF8*$!
{
	archiveVersion = 1;
	classes = {
	};
	objectVersion = 46;
	objects = {

/* Begin PBXBuildFile section */
		A639619020C561AC0013780F /* NearestNeighbours.cpp in Sources */ = {isa = PBXBuildFile; fileRef = A639618E20C561AC0013780F /* NearestNeighbours.cpp */; };
/* End PBXBuildFile section */

/* Begin PBXCopyFilesBuildPhase section */
		A613D99D20C5614A00F7CDBF /* CopyFiles */ = {
			isa = PBXCopyFilesBuildPhase;
			buildActionMask = 2147483647;
			dstPath = /usr/share/man/man1/;
			dstSubfolderSpec = 0;
			files = (
			);
			runOnlyForDeploymentPostprocessing = 1;
		};
/* End PBXCopyFilesBuildPhase section */

/* Begin PBXFileReference section */
		A613D99F20C5614B00F7CDBF /* NearestNeighbours */ = {isa = PBXFileReference; explicitFileType = "compiled.mach-o.executable"; includeInIndex = 0; path = NearestNeighbours; sourceTree = BUILT_PRODUCTS_DIR; };
		A639618E20C561AC0013780F /* NearestNeighbours.cpp */ = {isa = PBXFileReference; fileEncoding = 4; lastKnownFileType = sourcecode.cpp.cpp; path = NearestNeighbours.cpp; sourceTree = "<group>"; };
		A639619320C566150013780F /* armadillo_bits */ = {isa = PBXFileReference; lastKnownFileType = folder; path = armadillo_bits; sourceTree = "<group>"; };
		A639619420C566150013780F /* armadillo.hpp */ = {isa = PBXFileReference; fileEncoding = 4; lastKnownFileType = sourcecode.cpp.h; path = armadillo.hpp; sourceTree = "<group>"; };
/* End PBXFileReference section */

/* Begin PBXFrameworksBuildPhase section */
		A613D99C20C5614A00F7CDBF /* Frameworks */ = {
			isa = PBXFrameworksBuildPhase;
			buildActionMask = 2147483647;
			files = (
			);
			runOnlyForDeploymentPostprocessing = 0;
		};
/* End PBXFrameworksBuildPhase section */

/* Begin PBXGroup section */
		A613D99620C5614A00F7CDBF = {
			isa = PBXGroup;
			children = (
				A613D9A120C5614B00F7CDBF /* NearestNeighbours */,
				A613D9A020C5614B00F7CDBF /* Products */,
			);
			sourceTree = "<group>";
		};
		A613D9A020C5614B00F7CDBF /* Products */ = {
			isa = PBXGroup;
			children = (
				A613D99F20C5614B00F7CDBF /* NearestNeighbours */,
			);
			name = Products;
			sourceTree = "<group>";
		};
		A613D9A120C5614B00F7CDBF /* NearestNeighbours */ = {
			isa = PBXGroup;
			children = (
				A639618E20C561AC0013780F /* NearestNeighbours.cpp */,
				A639619420C566150013780F /* armadillo.hpp */,
				A639619320C566150013780F /* armadillo_bits */,
			);
			path = NearestNeighbours;
			sourceTree = "<group>";
		};
/* End PBXGroup section */

/* Begin PBXNativeTarget section */
		A613D99E20C5614A00F7CDBF /* NearestNeighbours */ = {
			isa = PBXNativeTarget;
			buildConfigurationList = A613D9A620C5614B00F7CDBF /* Build configuration list for PBXNativeTarget "NearestNeighbours" */;
			buildPhases = (
				A613D99B20C5614A00F7CDBF /* Sources */,
				A613D99C20C5614A00F7CDBF /* Frameworks */,
				A613D99D20C5614A00F7CDBF /* CopyFiles */,
			);
			buildRules = (
			);
			dependencies = (
			);
			name = NearestNeighbours;
			productName = NearestNeighbours;
			productReference = A613D99F20C5614B00F7CDBF /* NearestNeighbours */;
			productType = "com.apple.product-type.tool";
		};
/* End PBXNativeTarget section */

/* Begin PBXProject section */
		A613D99720C5614A00F7CDBF /* Project object */ = {
			isa = PBXProject;
			attributes = {
				LastUpgradeCheck = 0820;
				ORGANIZATIONNAME = "Daniel Ramyar";
				TargetAttributes = {
					A613D99E20C5614A00F7CDBF = {
						CreatedOnToolsVersion = 8.2.1;
						ProvisioningStyle = Automatic;
					};
				};
			};
			buildConfigurationList = A613D99A20C5614A00F7CDBF /* Build configuration list for PBXProject "NearestNeighbours" */;
			compatibilityVersion = "Xcode 3.2";
			developmentRegion = English;
			hasScannedForEncodings = 0;
			knownRegions = (
				en,
			);
			mainGroup = A613D99620C5614A00F7CDBF;
			productRefGroup = A613D9A020C5614B00F7CDBF /* Products */;
			projectDirPath = "";
			projectRoot = "";
			targets = (
				A613D99E20C5614A00F7CDBF /* NearestNeighbours */,
			);
		};
/* End PBXProject section */

/* Begin PBXSourcesBuildPhase section */
		A613D99B20C5614A00F7CDBF /* Sources */ = {
			isa = PBXSourcesBuildPhase;
			buildActionMask = 2147483647;
			files = (
				A639619020C561AC0013780F /* NearestNeighbours.cpp in Sources */,
			);
			runOnlyForDeploymentPostprocessing = 0;
		};
/* End PBXSourcesBuildPhase section */

/* Begin XCBuildConfiguration section */
		A613D9A420C5614B00F7CDBF /* Debug */ = {
			isa = XCBuildConfiguration;
			buildSettings = {
				ALWAYS_SEARCH_USER_PATHS = NO;
				CLANG_ANALYZER_NONNULL = YES;
				CLANG_CXX_LANGUAGE_STANDARD = "gnu++0x";
				CLANG_CXX_LIBRARY = "libc++";
				CLANG_ENABLE_MODULES = YES;
				CLANG_ENABLE_OBJC_ARC = YES;
				CLANG_WARN_BOOL_CONVERSION = YES;
				CLANG_WARN_CONSTANT_CONVERSION = YES;
				CLANG_WARN_DIRECT_OBJC_ISA_USAGE = YES_ERROR;
				CLANG_WARN_DOCUMENTATION_COMMENTS = YES;
				CLANG_WARN_EMPTY_BODY = YES;
				CLANG_WARN_ENUM_CONVERSION = YES;
				CLANG_WARN_INFINITE_RECURSION = YES;
				CLANG_WARN_INT_CONVERSION = YES;
				CLANG_WARN_OBJC_ROOT_CLASS = YES_ERROR;
				CLANG_WARN_SUSPICIOUS_MOVE = YES;
				CLANG_WARN_UNREACHABLE_CODE = YES;
				CLANG_WARN__DUPLICATE_METHOD_MATCH = YES;
				CODE_SIGN_IDENTITY = "-";
				COPY_PHASE_STRIP = NO;
				DEBUG_INFORMATION_FORMAT = dwarf;
				ENABLE_STRICT_OBJC_MSGSEND = YES;
				ENABLE_TESTABILITY = YES;
				GCC_C_LANGUAGE_STANDARD = gnu99;
				GCC_DYNAMIC_NO_PIC = NO;
				GCC_NO_COMMON_BLOCKS = YES;
				GCC_OPTIMIZATION_LEVEL = 0;
				GCC_PREPROCESSOR_DEFINITIONS = (
					"DEBUG=1",
					"$(inherited)",
				);
				GCC_WARN_64_TO_32_BIT_CONVERSION = YES;
				GCC_WARN_ABOUT_RETURN_TYPE = YES_ERROR;
				GCC_WARN_UNDECLARED_SELECTOR = YES;
				GCC_WARN_UNINITIALIZED_AUTOS = YES_AGGRESSIVE;
				GCC_WARN_UNUSED_FUNCTION = YES;
				GCC_WARN_UNUSED_VARIABLE = YES;
				MACOSX_DEPLOYMENT_TARGET = 10.11;
				MTL_ENABLE_DEBUG_INFO = YES;
				ONLY_ACTIVE_ARCH = YES;
				SDKROOT = macosx;
			};
			name = Debug;
		};
		A613D9A520C5614B00F7CDBF /* Release */ = {
			isa = XCBuildConfiguration;
			buildSettings = {
				ALWAYS_SEARCH_USER_PATHS = NO;
				CLANG_ANALYZER_NONNULL = YES;
				CLANG_CXX_LANGUAGE_STANDARD = "gnu++0x";
				CLANG_CXX_LIBRARY = "libc++";
				CLANG_ENABLE_MODULES = YES;
				CLANG_ENABLE_OBJC_ARC = YES;
				CLANG_WARN_BOOL_CONVERSION = YES;
				CLANG_WARN_CONSTANT_CONVERSION = YES;
				CLANG_WARN_DIRECT_OBJC_ISA_USAGE = YES_ERROR;
				CLANG_WARN_DOCUMENTATION_COMMENTS = YES;
				CLANG_WARN_EMPTY_BODY = YES;
				CLANG_WARN_ENUM_CONVERSION = YES;
				CLANG_WARN_INFINITE_RECURSION = YES;
				CLANG_WARN_INT_CONVERSION = YES;
				CLANG_WARN_OBJC_ROOT_CLASS = YES_ERROR;
				CLANG_WARN_SUSPICIOUS_MOVE = YES;
				CLANG_WARN_UNREACHABLE_CODE = YES;
				CLANG_WARN__DUPLICATE_METHOD_MATCH = YES;
				CODE_SIGN_IDENTITY = "-";
				COPY_PHASE_STRIP = NO;
				DEBUG_INFORMATION_FORMAT = "dwarf-with-dsym";
				ENABLE_NS_ASSERTIONS = NO;
				ENABLE_STRICT_OBJC_MSGSEND = YES;
				GCC_C_LANGUAGE_STANDARD = gnu99;
				GCC_NO_COMMON_BLOCKS = YES;
				GCC_WARN_64_TO_32_BIT_CONVERSION = YES;
				GCC_WARN_ABOUT_RETURN_TYPE = YES_ERROR;
				GCC_WARN_UNDECLARED_SELECTOR = YES;
				GCC_WARN_UNINITIALIZED_AUTOS = YES_AGGRESSIVE;
				GCC_WARN_UNUSED_FUNCTION = YES;
				GCC_WARN_UNUSED_VARIABLE = YES;
				MACOSX_DEPLOYMENT_TARGET = 10.11;
				MTL_ENABLE_DEBUG_INFO = NO;
				SDKROOT = macosx;
			};
			name = Release;
		};
		A613D9A720C5614B00F7CDBF /* Debug */ = {
			isa = XCBuildConfiguration;
			buildSettings = {
				PRODUCT_NAME = "$(TARGET_NAME)";
			};
			name = Debug;
		};
		A613D9A820C5614B00F7CDBF /* Release */ = {
			isa = XCBuildConfiguration;
			buildSettings = {
				PRODUCT_NAME = "$(TARGET_NAME)";
			};
			name = Release;
		};
/* End XCBuildConfiguration section */

/* Begin XCConfigurationList section */
		A613D99A20C5614A00F7CDBF /* Build configuration list for PBXProject "NearestNeighbours" */ = {
			isa = XCConfigurationList;
			buildConfigurations = (
				A613D9A420C5614B00F7CDBF /* Debug */,
				A613D9A520C5614B00F7CDBF /* Release */,
			);
			defaultConfigurationIsVisible = 0;
			defaultConfigurationName = Release;
		};
		A613D9A620C5614B00F7CDBF /* Build configuration list for PBXNativeTarget "NearestNeighbours" */ = {
			isa = XCConfigurationList;
			buildConfigurations = (
				A613D9A720C5614B00F7CDBF /* Debug */,
				A613D9A820C5614B00F7CDBF /* Release */,
			);
			defaultConfigurationIsVisible = 0;
			defaultConfigurationName = Release;
		};
/* End XCConfigurationList section */
	};
	rootObject = A613D99720C5614A00F7CDBF /* Project object */;
}
