// !$*UTF8*$!
{
	archiveVersion = 1;
	classes = {
	};
	objectVersion = 46;
	objects = {

/* Begin PBXBuildFile section */
		A6B4C1FC20A8B09D00C355E6 /* main.cpp in Sources */ = {isa = PBXBuildFile; fileRef = A6B4C1FB20A8B09D00C355E6 /* main.cpp */; };
		A6B4C20620A8B21200C355E6 /* Student.cpp in Sources */ = {isa = PBXBuildFile; fileRef = A6B4C20520A8B21200C355E6 /* Student.cpp */; };
		A6B4C20820A8B5BF00C355E6 /* GraduateStudent.cpp in Sources */ = {isa = PBXBuildFile; fileRef = A6B4C20720A8B5BF00C355E6 /* GraduateStudent.cpp */; };
		A6B4C20A20A8B73F00C355E6 /* PhdStudent.cpp in Sources */ = {isa = PBXBuildFile; fileRef = A6B4C20920A8B73F00C355E6 /* PhdStudent.cpp */; };
/* End PBXBuildFile section */

/* Begin PBXCopyFilesBuildPhase section */
		A6B4C1F620A8B09D00C355E6 /* CopyFiles */ = {
			isa = PBXCopyFilesBuildPhase;
			buildActionMask = 2147483647;
			dstPath = /usr/share/man/man1/;
			dstSubfolderSpec = 0;
			files = (
			);
			runOnlyForDeploymentPostprocessing = 1;
		};
/* End PBXCopyFilesBuildPhase section */

/* Begin PBXFileReference section */
		A6B4C1F820A8B09D00C355E6 /* 7.1 */ = {isa = PBXFileReference; explicitFileType = "compiled.mach-o.executable"; includeInIndex = 0; path = 7.1; sourceTree = BUILT_PRODUCTS_DIR; };
		A6B4C1FB20A8B09D00C355E6 /* main.cpp */ = {isa = PBXFileReference; lastKnownFileType = sourcecode.cpp.cpp; path = main.cpp; sourceTree = "<group>"; };
		A6B4C20220A8B0DD00C355E6 /* GraduateStudent.hpp */ = {isa = PBXFileReference; fileEncoding = 4; lastKnownFileType = sourcecode.cpp.h; path = GraduateStudent.hpp; sourceTree = "<group>"; };
		A6B4C20320A8B0DD00C355E6 /* PhdStudent.hpp */ = {isa = PBXFileReference; fileEncoding = 4; lastKnownFileType = sourcecode.cpp.h; path = PhdStudent.hpp; sourceTree = "<group>"; };
		A6B4C20420A8B0DD00C355E6 /* Student.hpp */ = {isa = PBXFileReference; fileEncoding = 4; lastKnownFileType = sourcecode.cpp.h; path = Student.hpp; sourceTree = "<group>"; };
		A6B4C20520A8B21200C355E6 /* Student.cpp */ = {isa = PBXFileReference; fileEncoding = 4; lastKnownFileType = sourcecode.cpp.cpp; path = Student.cpp; sourceTree = "<group>"; };
		A6B4C20720A8B5BF00C355E6 /* GraduateStudent.cpp */ = {isa = PBXFileReference; fileEncoding = 4; lastKnownFileType = sourcecode.cpp.cpp; path = GraduateStudent.cpp; sourceTree = "<group>"; };
		A6B4C20920A8B73F00C355E6 /* PhdStudent.cpp */ = {isa = PBXFileReference; fileEncoding = 4; lastKnownFileType = sourcecode.cpp.cpp; path = PhdStudent.cpp; sourceTree = "<group>"; };
/* End PBXFileReference section */

/* Begin PBXFrameworksBuildPhase section */
		A6B4C1F520A8B09D00C355E6 /* Frameworks */ = {
			isa = PBXFrameworksBuildPhase;
			buildActionMask = 2147483647;
			files = (
			);
			runOnlyForDeploymentPostprocessing = 0;
		};
/* End PBXFrameworksBuildPhase section */

/* Begin PBXGroup section */
		A6B4C1EF20A8B09D00C355E6 = {
			isa = PBXGroup;
			children = (
				A6B4C1FA20A8B09D00C355E6 /* 7.1 */,
				A6B4C1F920A8B09D00C355E6 /* Products */,
			);
			sourceTree = "<group>";
		};
		A6B4C1F920A8B09D00C355E6 /* Products */ = {
			isa = PBXGroup;
			children = (
				A6B4C1F820A8B09D00C355E6 /* 7.1 */,
			);
			name = Products;
			sourceTree = "<group>";
		};
		A6B4C1FA20A8B09D00C355E6 /* 7.1 */ = {
			isa = PBXGroup;
			children = (
				A6B4C1FB20A8B09D00C355E6 /* main.cpp */,
				A6B4C20520A8B21200C355E6 /* Student.cpp */,
				A6B4C20420A8B0DD00C355E6 /* Student.hpp */,
				A6B4C20720A8B5BF00C355E6 /* GraduateStudent.cpp */,
				A6B4C20220A8B0DD00C355E6 /* GraduateStudent.hpp */,
				A6B4C20920A8B73F00C355E6 /* PhdStudent.cpp */,
				A6B4C20320A8B0DD00C355E6 /* PhdStudent.hpp */,
			);
			path = 7.1;
			sourceTree = "<group>";
		};
/* End PBXGroup section */

/* Begin PBXNativeTarget section */
		A6B4C1F720A8B09D00C355E6 /* 7.1 */ = {
			isa = PBXNativeTarget;
			buildConfigurationList = A6B4C1FF20A8B09D00C355E6 /* Build configuration list for PBXNativeTarget "7.1" */;
			buildPhases = (
				A6B4C1F420A8B09D00C355E6 /* Sources */,
				A6B4C1F520A8B09D00C355E6 /* Frameworks */,
				A6B4C1F620A8B09D00C355E6 /* CopyFiles */,
			);
			buildRules = (
			);
			dependencies = (
			);
			name = 7.1;
			productName = 7.1;
			productReference = A6B4C1F820A8B09D00C355E6 /* 7.1 */;
			productType = "com.apple.product-type.tool";
		};
/* End PBXNativeTarget section */

/* Begin PBXProject section */
		A6B4C1F020A8B09D00C355E6 /* Project object */ = {
			isa = PBXProject;
			attributes = {
				LastUpgradeCheck = 0820;
				ORGANIZATIONNAME = "Daniel Ramyar";
				TargetAttributes = {
					A6B4C1F720A8B09D00C355E6 = {
						CreatedOnToolsVersion = 8.2.1;
						ProvisioningStyle = Automatic;
					};
				};
			};
			buildConfigurationList = A6B4C1F320A8B09D00C355E6 /* Build configuration list for PBXProject "7.1" */;
			compatibilityVersion = "Xcode 3.2";
			developmentRegion = English;
			hasScannedForEncodings = 0;
			knownRegions = (
				en,
			);
			mainGroup = A6B4C1EF20A8B09D00C355E6;
			productRefGroup = A6B4C1F920A8B09D00C355E6 /* Products */;
			projectDirPath = "";
			projectRoot = "";
			targets = (
				A6B4C1F720A8B09D00C355E6 /* 7.1 */,
			);
		};
/* End PBXProject section */

/* Begin PBXSourcesBuildPhase section */
		A6B4C1F420A8B09D00C355E6 /* Sources */ = {
			isa = PBXSourcesBuildPhase;
			buildActionMask = 2147483647;
			files = (
				A6B4C20820A8B5BF00C355E6 /* GraduateStudent.cpp in Sources */,
				A6B4C1FC20A8B09D00C355E6 /* main.cpp in Sources */,
				A6B4C20A20A8B73F00C355E6 /* PhdStudent.cpp in Sources */,
				A6B4C20620A8B21200C355E6 /* Student.cpp in Sources */,
			);
			runOnlyForDeploymentPostprocessing = 0;
		};
/* End PBXSourcesBuildPhase section */

/* Begin XCBuildConfiguration section */
		A6B4C1FD20A8B09D00C355E6 /* Debug */ = {
			isa = XCBuildConfiguration;
			buildSettings = {
				ALWAYS_SEARCH_USER_PATHS = NO;
				CLANG_ANALYZER_NONNULL = YES;
				CLANG_CXX_LANGUAGE_STANDARD = "gnu++0x";
				CLANG_CXX_LIBRARY = "libc++";
				CLANG_ENABLE_MODULES = YES;
				CLANG_ENABLE_OBJC_ARC = YES;
				CLANG_WARN_BOOL_CONVERSION = YES;
				CLANG_WARN_CONSTANT_CONVERSION = YES;
				CLANG_WARN_DIRECT_OBJC_ISA_USAGE = YES_ERROR;
				CLANG_WARN_DOCUMENTATION_COMMENTS = YES;
				CLANG_WARN_EMPTY_BODY = YES;
				CLANG_WARN_ENUM_CONVERSION = YES;
				CLANG_WARN_INFINITE_RECURSION = YES;
				CLANG_WARN_INT_CONVERSION = YES;
				CLANG_WARN_OBJC_ROOT_CLASS = YES_ERROR;
				CLANG_WARN_SUSPICIOUS_MOVE = YES;
				CLANG_WARN_UNREACHABLE_CODE = YES;
				CLANG_WARN__DUPLICATE_METHOD_MATCH = YES;
				CODE_SIGN_IDENTITY = "-";
				COPY_PHASE_STRIP = NO;
				DEBUG_INFORMATION_FORMAT = dwarf;
				ENABLE_STRICT_OBJC_MSGSEND = YES;
				ENABLE_TESTABILITY = YES;
				GCC_C_LANGUAGE_STANDARD = gnu99;
				GCC_DYNAMIC_NO_PIC = NO;
				GCC_NO_COMMON_BLOCKS = YES;
				GCC_OPTIMIZATION_LEVEL = 0;
				GCC_PREPROCESSOR_DEFINITIONS = (
					"DEBUG=1",
					"$(inherited)",
				);
				GCC_WARN_64_TO_32_BIT_CONVERSION = YES;
				GCC_WARN_ABOUT_RETURN_TYPE = YES_ERROR;
				GCC_WARN_UNDECLARED_SELECTOR = YES;
				GCC_WARN_UNINITIALIZED_AUTOS = YES_AGGRESSIVE;
				GCC_WARN_UNUSED_FUNCTION = YES;
				GCC_WARN_UNUSED_VARIABLE = YES;
				MACOSX_DEPLOYMENT_TARGET = 10.11;
				MTL_ENABLE_DEBUG_INFO = YES;
				ONLY_ACTIVE_ARCH = YES;
				SDKROOT = macosx;
			};
			name = Debug;
		};
		A6B4C1FE20A8B09D00C355E6 /* Release */ = {
			isa = XCBuildConfiguration;
			buildSettings = {
				ALWAYS_SEARCH_USER_PATHS = NO;
				CLANG_ANALYZER_NONNULL = YES;
				CLANG_CXX_LANGUAGE_STANDARD = "gnu++0x";
				CLANG_CXX_LIBRARY = "libc++";
				CLANG_ENABLE_MODULES = YES;
				CLANG_ENABLE_OBJC_ARC = YES;
				CLANG_WARN_BOOL_CONVERSION = YES;
				CLANG_WARN_CONSTANT_CONVERSION = YES;
				CLANG_WARN_DIRECT_OBJC_ISA_USAGE = YES_ERROR;
				CLANG_WARN_DOCUMENTATION_COMMENTS = YES;
				CLANG_WARN_EMPTY_BODY = YES;
				CLANG_WARN_ENUM_CONVERSION = YES;
				CLANG_WARN_INFINITE_RECURSION = YES;
				CLANG_WARN_INT_CONVERSION = YES;
				CLANG_WARN_OBJC_ROOT_CLASS = YES_ERROR;
				CLANG_WARN_SUSPICIOUS_MOVE = YES;
				CLANG_WARN_UNREACHABLE_CODE = YES;
				CLANG_WARN__DUPLICATE_METHOD_MATCH = YES;
				CODE_SIGN_IDENTITY = "-";
				COPY_PHASE_STRIP = NO;
				DEBUG_INFORMATION_FORMAT = "dwarf-with-dsym";
				ENABLE_NS_ASSERTIONS = NO;
				ENABLE_STRICT_OBJC_MSGSEND = YES;
				GCC_C_LANGUAGE_STANDARD = gnu99;
				GCC_NO_COMMON_BLOCKS = YES;
				GCC_WARN_64_TO_32_BIT_CONVERSION = YES;
				GCC_WARN_ABOUT_RETURN_TYPE = YES_ERROR;
				GCC_WARN_UNDECLARED_SELECTOR = YES;
				GCC_WARN_UNINITIALIZED_AUTOS = YES_AGGRESSIVE;
				GCC_WARN_UNUSED_FUNCTION = YES;
				GCC_WARN_UNUSED_VARIABLE = YES;
				MACOSX_DEPLOYMENT_TARGET = 10.11;
				MTL_ENABLE_DEBUG_INFO = NO;
				SDKROOT = macosx;
			};
			name = Release;
		};
		A6B4C20020A8B09D00C355E6 /* Debug */ = {
			isa = XCBuildConfiguration;
			buildSettings = {
				PRODUCT_NAME = "$(TARGET_NAME)";
			};
			name = Debug;
		};
		A6B4C20120A8B09D00C355E6 /* Release */ = {
			isa = XCBuildConfiguration;
			buildSettings = {
				PRODUCT_NAME = "$(TARGET_NAME)";
			};
			name = Release;
		};
/* End XCBuildConfiguration section */

/* Begin XCConfigurationList section */
		A6B4C1F320A8B09D00C355E6 /* Build configuration list for PBXProject "7.1" */ = {
			isa = XCConfigurationList;
			buildConfigurations = (
				A6B4C1FD20A8B09D00C355E6 /* Debug */,
				A6B4C1FE20A8B09D00C355E6 /* Release */,
			);
			defaultConfigurationIsVisible = 0;
			defaultConfigurationName = Release;
		};
		A6B4C1FF20A8B09D00C355E6 /* Build configuration list for PBXNativeTarget "7.1" */ = {
			isa = XCConfigurationList;
			buildConfigurations = (
				A6B4C20020A8B09D00C355E6 /* Debug */,
				A6B4C20120A8B09D00C355E6 /* Release */,
			);
			defaultConfigurationIsVisible = 0;
		};
/* End XCConfigurationList section */
	};
	rootObject = A6B4C1F020A8B09D00C355E6 /* Project object */;
}
